
Microsoft Visual Studio Solution File, Format Version 12.00
# Visual Studio Version 17
VisualStudioVersion = 17.7.34031.279
MinimumVisualStudioVersion = 10.0.40219.1
Project("{FAE04EC0-301F-11D3-BF4B-00C04F79EFBC}") = "Калькуль", "Калькуль\Калькуль.csproj", "{94A668FA-395C-446E-83DB-C627DA402384}"
EndProject
Project("{FAE04EC0-301F-11D3-BF4B-00C04F79EFBC}") = "Проверка кода", "Проверка кода\Проверка кода.csproj", "{09EB2304-6254-4AB6-8888-864F2D544508}"
EndProject
Global
	GlobalSection(SolutionConfigurationPlatforms) = preSolution
		Debug|Any CPU = Debug|Any CPU
		Release|Any CPU = Release|Any CPU
	EndGlobalSection
	GlobalSection(ProjectConfigurationPlatforms) = postSolution
		{94A668FA-395C-446E-83DB-C627DA402384}.Debug|Any CPU.ActiveCfg = Debug|Any CPU
		{94A668FA-395C-446E-83DB-C627DA402384}.Debug|Any CPU.Build.0 = Debug|Any CPU
		{94A668FA-395C-446E-83DB-C627DA402384}.Release|Any CPU.ActiveCfg = Release|Any CPU
		{94A668FA-395C-446E-83DB-C627DA402384}.Release|Any CPU.Build.0 = Release|Any CPU
		{09EB2304-6254-4AB6-8888-864F2D544508}.Debug|Any CPU.ActiveCfg = Debug|Any CPU
		{09EB2304-6254-4AB6-8888-864F2D544508}.Debug|Any CPU.Build.0 = Debug|Any CPU
		{09EB2304-6254-4AB6-8888-864F2D544508}.Release|Any CPU.ActiveCfg = Release|Any CPU
		{09EB2304-6254-4AB6-8888-864F2D544508}.Release|Any CPU.Build.0 = Release|Any CPU
	EndGlobalSection
	GlobalSection(SolutionProperties) = preSolution
		HideSolutionNode = FALSE
	EndGlobalSection
	GlobalSection(ExtensibilityGlobals) = postSolution
		SolutionGuid = {EB239FF8-6E7D-49BB-B0D0-E80D30D9AFD2}
	EndGlobalSection
EndGlobal
